
Microsoft Visual Studio Solution File, Format Version 12.00
# Visual Studio Version 17
VisualStudioVersion = 17.14.36221.1 d17.14
MinimumVisualStudioVersion = 10.0.40219.1
Project("{FAE04EC0-301F-11D3-BF4B-00C04F79EFBC}") = "interfacetest", "interfacetest\interfacetest.csproj", "{9164D948-724D-4F39-8E38-3B064EFF2FDE}"
EndProject
Global
	GlobalSection(SolutionConfigurationPlatforms) = preSolution
		Debug|Any CPU = Debug|Any CPU
		Release|Any CPU = Release|Any CPU
	EndGlobalSection
	GlobalSection(ProjectConfigurationPlatforms) = postSolution
		{9164D948-724D-4F39-8E38-3B064EFF2FDE}.Debug|Any CPU.ActiveCfg = Debug|Any CPU
		{9164D948-724D-4F39-8E38-3B064EFF2FDE}.Debug|Any CPU.Build.0 = Debug|Any CPU
		{9164D948-724D-4F39-8E38-3B064EFF2FDE}.Release|Any CPU.ActiveCfg = Release|Any CPU
		{9164D948-724D-4F39-8E38-3B064EFF2FDE}.Release|Any CPU.Build.0 = Release|Any CPU
	EndGlobalSection
	GlobalSection(SolutionProperties) = preSolution
		HideSolutionNode = FALSE
	EndGlobalSection
	GlobalSection(ExtensibilityGlobals) = postSolution
		SolutionGuid = {CA3EF23D-E31E-42DA-9A35-E5DE7FAB1091}
	EndGlobalSection
EndGlobal
